
Microsoft Visual Studio Solution File, Format Version 12.00
# Visual Studio Version 16
VisualStudioVersion = 16.0.29728.190
MinimumVisualStudioVersion = 10.0.40219.1
Project("{9A19103F-16F7-4668-BE54-9A1E7A4F7556}") = "WinFormCore", "WinFormCore\WinFormCore.csproj", "{C1699AA8-9D12-4868-8AEC-C43899FFCD78}"
EndProject
Project("{FAE04EC0-301F-11D3-BF4B-00C04F79EFBC}") = "HelloWorld", "HelloWorld\HelloWorld.csproj", "{45C60BFE-A7E9-422B-A169-B3FA8D0D6119}"
EndProject
Global
	GlobalSection(SolutionConfigurationPlatforms) = preSolution
		Debug|Any CPU = Debug|Any CPU
		Release|Any CPU = Release|Any CPU
	EndGlobalSection
	GlobalSection(ProjectConfigurationPlatforms) = postSolution
		{C1699AA8-9D12-4868-8AEC-C43899FFCD78}.Debug|Any CPU.ActiveCfg = Debug|Any CPU
		{C1699AA8-9D12-4868-8AEC-C43899FFCD78}.Debug|Any CPU.Build.0 = Debug|Any CPU
		{C1699AA8-9D12-4868-8AEC-C43899FFCD78}.Release|Any CPU.ActiveCfg = Release|Any CPU
		{C1699AA8-9D12-4868-8AEC-C43899FFCD78}.Release|Any CPU.Build.0 = Release|Any CPU
		{45C60BFE-A7E9-422B-A169-B3FA8D0D6119}.Debug|Any CPU.ActiveCfg = Debug|Any CPU
		{45C60BFE-A7E9-422B-A169-B3FA8D0D6119}.Debug|Any CPU.Build.0 = Debug|Any CPU
		{45C60BFE-A7E9-422B-A169-B3FA8D0D6119}.Release|Any CPU.ActiveCfg = Release|Any CPU
		{45C60BFE-A7E9-422B-A169-B3FA8D0D6119}.Release|Any CPU.Build.0 = Release|Any CPU
	EndGlobalSection
	GlobalSection(SolutionProperties) = preSolution
		HideSolutionNode = FALSE
	EndGlobalSection
	GlobalSection(ExtensibilityGlobals) = postSolution
		SolutionGuid = {A7AE2AFF-A54E-488A-A90B-1572D3B2FD6A}
	EndGlobalSection
EndGlobal
